
Microsoft Visual Studio Solution File, Format Version 12.00
# Visual Studio Version 17
VisualStudioVersion = 17.14.36915.13 d17.14
MinimumVisualStudioVersion = 10.0.40219.1
Project("{FAE04EC0-301F-11D3-BF4B-00C04F79EFBC}") = "G-NET-7-OOP03", "G-NET-7-OOP03\G-NET-7-OOP03.csproj", "{FE4E946D-AC56-4C29-B3A4-7913D096B7F7}"
EndProject
Global
	GlobalSection(SolutionConfigurationPlatforms) = preSolution
		Debug|Any CPU = Debug|Any CPU
		Release|Any CPU = Release|Any CPU
	EndGlobalSection
	GlobalSection(ProjectConfigurationPlatforms) = postSolution
		{FE4E946D-AC56-4C29-B3A4-7913D096B7F7}.Debug|Any CPU.ActiveCfg = Debug|Any CPU
		{FE4E946D-AC56-4C29-B3A4-7913D096B7F7}.Debug|Any CPU.Build.0 = Debug|Any CPU
		{FE4E946D-AC56-4C29-B3A4-7913D096B7F7}.Release|Any CPU.ActiveCfg = Release|Any CPU
		{FE4E946D-AC56-4C29-B3A4-7913D096B7F7}.Release|Any CPU.Build.0 = Release|Any CPU
	EndGlobalSection
	GlobalSection(SolutionProperties) = preSolution
		HideSolutionNode = FALSE
	EndGlobalSection
	GlobalSection(ExtensibilityGlobals) = postSolution
		SolutionGuid = {61F86C5F-6808-43E5-A17E-2F992F6B8EA6}
	EndGlobalSection
EndGlobal
